{
  "version": "4",
  "specifiers": {
    "jsr:@c4spar/mock-command@^1.0.1": "1.0.1",
    "jsr:@c4spar/mock-fetch@1": "1.0.0",
    "jsr:@cliffy/ansi@1.0.0-rc.7": "1.0.0-rc.7",
    "jsr:@cliffy/command@1.0.0-rc.7": "1.0.0-rc.7",
    "jsr:@cliffy/flags@1.0.0-rc.7": "1.0.0-rc.7",
    "jsr:@cliffy/internal@1.0.0-rc.7": "1.0.0-rc.7",
    "jsr:@cliffy/keycode@1.0.0-rc.7": "1.0.0-rc.7",
    "jsr:@cliffy/keypress@1.0.0-rc.7": "1.0.0-rc.7",
    "jsr:@cliffy/prompt@1.0.0-rc.7": "1.0.0-rc.7",
    "jsr:@cliffy/table@1.0.0-rc.7": "1.0.0-rc.7",
    "jsr:@cliffy/testing@1.0.0-rc.7": "1.0.0-rc.7",
    "jsr:@std/assert@1.0.2": "1.0.2",
    "jsr:@std/assert@^1.0.2": "1.0.6",
    "jsr:@std/assert@~0.225.2": "0.225.3",
    "jsr:@std/assert@~1.0.6": "1.0.6",
    "jsr:@std/async@~1.0.5": "1.0.5",
    "jsr:@std/bytes@^1.0.2": "1.0.2",
    "jsr:@std/cli@^1.0.6": "1.0.6",
    "jsr:@std/data-structures@^1.0.1": "1.0.4",
    "jsr:@std/datetime@~0.225.2": "0.225.2",
    "jsr:@std/encoding@^1.0.5": "1.0.5",
    "jsr:@std/encoding@~1.0.5": "1.0.5",
    "jsr:@std/fmt@^1.0.2": "1.0.2",
    "jsr:@std/fmt@~1.0.2": "1.0.2",
    "jsr:@std/fs@^1.0.1": "1.0.4",
    "jsr:@std/fs@~1.0.4": "1.0.4",
    "jsr:@std/http@~1.0.7": "1.0.7",
    "jsr:@std/internal@^1.0.1": "1.0.4",
    "jsr:@std/internal@^1.0.4": "1.0.4",
    "jsr:@std/io@~0.224.9": "0.224.9",
    "jsr:@std/media-types@^1.0.3": "1.0.3",
    "jsr:@std/net@^1.0.4": "1.0.4",
    "jsr:@std/path@^1.0.2": "1.0.6",
    "jsr:@std/path@^1.0.6": "1.0.6",
    "jsr:@std/path@~1.0.6": "1.0.6",
    "jsr:@std/streams@^1.0.6": "1.0.6",
    "jsr:@std/testing@1.0.0": "1.0.0",
    "jsr:@std/text@~1.0.7": "1.0.7",
    "npm:cliffy@*": "2.5.1",
    "npm:sinon@13.0.2": "13.0.2"
  },
  "jsr": {
    "@c4spar/mock-command@1.0.1": {
      "integrity": "0deafe6d85800b0bd301dbc275583c517fc60ae9da5887b4ba62e41021dbd8a2",
      "dependencies": [
        "jsr:@std/assert@1.0.2"
      ]
    },
    "@c4spar/mock-fetch@1.0.0": {
      "integrity": "f25d3ff42b3785dfe307459857eef360c32c8f2106597c98a2cef627bad0c7f7",
      "dependencies": [
        "jsr:@std/assert@~0.225.2"
      ]
    },
    "@cliffy/ansi@1.0.0-rc.7": {
      "integrity": "f71c921cce224c13d322e5cedba4f38e8f7354c7d855c9cb22729362a53f25aa",
      "dependencies": [
        "jsr:@cliffy/internal",
        "jsr:@std/encoding@~1.0.5",
        "jsr:@std/fmt@~1.0.2"
      ]
    },
    "@cliffy/command@1.0.0-rc.7": {
      "integrity": "1288808d7a3cd18b86c24c2f920e47a6d954b7e23cadc35c8cbd78f8be41f0cd",
      "dependencies": [
        "jsr:@cliffy/flags",
        "jsr:@cliffy/internal",
        "jsr:@cliffy/table",
        "jsr:@std/fmt@~1.0.2",
        "jsr:@std/text"
      ]
    },
    "@cliffy/flags@1.0.0-rc.7": {
      "integrity": "318d9be98f6a6417b108e03dec427dea96cdd41a15beb21d2554ae6da450a781",
      "dependencies": [
        "jsr:@std/text"
      ]
    },
    "@cliffy/internal@1.0.0-rc.7": {
      "integrity": "10412636ab3e67517d448be9eaab1b70c88eba9be22617b5d146257a11cc9b17",
      "dependencies": [
        "jsr:@std/fmt@~1.0.2"
      ]
    },
    "@cliffy/keycode@1.0.0-rc.7": {
      "integrity": "5b3f6c33994e81a76b79f108b1989642ac22705840da33781f7972d7dff05503"
    },
    "@cliffy/keypress@1.0.0-rc.7": {
      "integrity": "2453a63bf1cf097d6cd13c343cf4d4305b58266a0968f055fb4c49163f746cbd",
      "dependencies": [
        "jsr:@cliffy/internal",
        "jsr:@cliffy/keycode"
      ]
    },
    "@cliffy/prompt@1.0.0-rc.7": {
      "integrity": "a9cbd13acd8073558447cae8ca4cf593c09d23bcbe429cc63346920c21187b83",
      "dependencies": [
        "jsr:@cliffy/ansi",
        "jsr:@cliffy/internal",
        "jsr:@cliffy/keycode",
        "jsr:@std/assert@~1.0.6",
        "jsr:@std/fmt@~1.0.2",
        "jsr:@std/path@~1.0.6",
        "jsr:@std/text"
      ]
    },
    "@cliffy/table@1.0.0-rc.7": {
      "integrity": "9fdd9776eda28a0b397981c400eeb1aa36da2371b43eefe12e6ff555290e3180",
      "dependencies": [
        "jsr:@std/fmt@~1.0.2"
      ]
    },
    "@cliffy/testing@1.0.0-rc.7": {
      "integrity": "2e46e2a6c206c0aab5688ab759854946d338a214ac3e1b84b6e73b73985ce958",
      "dependencies": [
        "jsr:@cliffy/ansi",
        "jsr:@cliffy/internal",
        "jsr:@std/assert@~1.0.6",
        "jsr:@std/fmt@~1.0.2",
        "jsr:@std/testing"
      ]
    },
    "@std/assert@0.225.3": {
      "integrity": "b3c2847aecf6955b50644cdb9cf072004ea3d1998dd7579fc0acb99dbb23bd4f"
    },
    "@std/assert@1.0.2": {
      "integrity": "ccacec332958126deaceb5c63ff8b4eaf9f5ed0eac9feccf124110435e59e49c"
    },
    "@std/assert@1.0.6": {
      "integrity": "1904c05806a25d94fe791d6d883b685c9e2dcd60e4f9fc30f4fc5cf010c72207",
      "dependencies": [
        "jsr:@std/internal@^1.0.4"
      ]
    },
    "@std/async@1.0.5": {
      "integrity": "31d68214bfbb31bd4c6022401d484e3964147c76c9220098baa703a39b6c2da6"
    },
    "@std/bytes@1.0.2": {
      "integrity": "fbdee322bbd8c599a6af186a1603b3355e59a5fb1baa139f8f4c3c9a1b3e3d57"
    },
    "@std/cli@1.0.6": {
      "integrity": "d22d8b38c66c666d7ad1f2a66c5b122da1704f985d3c47f01129f05abb6c5d3d"
    },
    "@std/data-structures@1.0.4": {
      "integrity": "fa0e20c11eb9ba673417450915c750a0001405a784e2a4e0c3725031681684a0"
    },
    "@std/datetime@0.225.2": {
      "integrity": "45f0100554a912cd65f48089ef0a33aa1eb6ea21f08090840b539ab582827eaa"
    },
    "@std/encoding@1.0.5": {
      "integrity": "ecf363d4fc25bd85bd915ff6733a7e79b67e0e7806334af15f4645c569fefc04"
    },
    "@std/fmt@1.0.2": {
      "integrity": "87e9dfcdd3ca7c066e0c3c657c1f987c82888eb8103a3a3baa62684ffeb0f7a7"
    },
    "@std/fs@1.0.4": {
      "integrity": "2907d32d8d1d9e540588fd5fe0ec21ee638134bd51df327ad4e443aaef07123c",
      "dependencies": [
        "jsr:@std/path@^1.0.6"
      ]
    },
    "@std/http@1.0.7": {
      "integrity": "9b904fc256678a5c9759f1a53a24a3fdcc59d83dc62099bb472683b6f819194c",
      "dependencies": [
        "jsr:@std/cli",
        "jsr:@std/encoding@^1.0.5",
        "jsr:@std/fmt@^1.0.2",
        "jsr:@std/media-types",
        "jsr:@std/net",
        "jsr:@std/path@^1.0.6",
        "jsr:@std/streams"
      ]
    },
    "@std/internal@1.0.4": {
      "integrity": "62e8e4911527e5e4f307741a795c0b0a9e6958d0b3790716ae71ce085f755422"
    },
    "@std/io@0.224.9": {
      "integrity": "4414664b6926f665102e73c969cfda06d2c4c59bd5d0c603fd4f1b1c840d6ee3",
      "dependencies": [
        "jsr:@std/bytes"
      ]
    },
    "@std/media-types@1.0.3": {
      "integrity": "b12d30a7852f7578f4d210622df713bbfd1cbdd9b4ec2eaf5c1845ab70bab159"
    },
    "@std/net@1.0.4": {
      "integrity": "2f403b455ebbccf83d8a027d29c5a9e3a2452fea39bb2da7f2c04af09c8bc852"
    },
    "@std/path@1.0.6": {
      "integrity": "ab2c55f902b380cf28e0eec501b4906e4c1960d13f00e11cfbcd21de15f18fed"
    },
    "@std/streams@1.0.6": {
      "integrity": "022ed94e380d06b4d91c49eb70241b7289ab78b8c2b4c4bbb7eb265e4997c25c"
    },
    "@std/testing@1.0.0": {
      "integrity": "27cfc06392c69c2acffe54e6d0bcb5f961cf193f519255372bd4fff1481bfef8",
      "dependencies": [
        "jsr:@std/assert@^1.0.2",
        "jsr:@std/data-structures",
        "jsr:@std/fs@^1.0.1",
        "jsr:@std/internal@^1.0.1",
        "jsr:@std/path@^1.0.2"
      ]
    },
    "@std/text@1.0.7": {
      "integrity": "344a820af99fde81ae1d4f9ce586da3f47a58cda25ac4c4dd688166cf5ed97f1"
    }
  },
  "npm": {
    "@sinonjs/commons@1.8.6": {
      "integrity": "sha512-Ky+XkAkqPZSm3NLBeUng77EBQl3cmeJhITaGHdYH8kjVB+aun3S4XBRti2zt17mtt0mIUDiNxYeoJm6drVvBJQ==",
      "dependencies": [
        "type-detect"
      ]
    },
    "@sinonjs/commons@3.0.1": {
      "integrity": "sha512-K3mCHKQ9sVh8o1C9cxkwxaOmXoAMlDxC1mYyHrjqOWEcBjYr76t96zL2zlj5dUGZ3HSw240X1qgH3Mjf1yJWpQ==",
      "dependencies": [
        "type-detect"
      ]
    },
    "@sinonjs/fake-timers@11.3.1": {
      "integrity": "sha512-EVJO7nW5M/F5Tur0Rf2z/QoMo+1Ia963RiMtapiQrEWvY0iBUvADo8Beegwjpnle5BHkyHuoxSTW3jF43H1XRA==",
      "dependencies": [
        "@sinonjs/commons@3.0.1"
      ]
    },
    "@sinonjs/fake-timers@9.1.2": {
      "integrity": "sha512-BPS4ynJW/o92PUR4wgriz2Ud5gpST5vz6GQfMixEDK0Z8ZCUv2M7SkBLykH56T++Xs+8ln9zTGbOvNGIe02/jw==",
      "dependencies": [
        "@sinonjs/commons@1.8.6"
      ]
    },
    "@sinonjs/samsam@6.1.3": {
      "integrity": "sha512-nhOb2dWPeb1sd3IQXL/dVPnKHDOAFfvichtBf4xV00/rU1QbPCQqKMbvIheIjqwVjh7qIgf2AHTHi391yMOMpQ==",
      "dependencies": [
        "@sinonjs/commons@1.8.6",
        "lodash.get",
        "type-detect"
      ]
    },
    "@sinonjs/text-encoding@0.7.3": {
      "integrity": "sha512-DE427ROAphMQzU4ENbliGYrBSYPXF+TtLg9S8vzeA+OF4ZKzoDdzfL8sxuMUGS/lgRhM6j1URSk9ghf7Xo1tyA=="
    },
    "@types/node@6.14.13": {
      "integrity": "sha512-J1F0XJ/9zxlZel5ZlbeSuHW2OpabrUAqpFuC2sm2I3by8sERQ8+KCjNKUcq8QHuzpGMWiJpo9ZxeHrqrP2KzQw=="
    },
    "ansi-regex@5.0.1": {
      "integrity": "sha512-quJQXlTSUGL2LH9SUXo8VwsY4soanhgo6LNSm84E1LBcE8s3O0wpdiRzyR9z/ZZJMlMWv37qOOb9pdJlMUEKFQ=="
    },
    "cliffy@2.5.1": {
      "integrity": "sha512-szBLhc1trGo/7f0MQNheMEqq7AUATu1D1y8sj79jGzmpZKwvz1K4jJ0ne4KpneNA+khm3Ws/a9ol53qBtU2TSA==",
      "dependencies": [
        "@types/node",
        "columnify",
        "indent"
      ]
    },
    "clone@1.0.4": {
      "integrity": "sha512-JQHZ2QMW6l3aH/j6xCqQThY/9OH4D/9ls34cgkUBiEeocRTU04tHfKPBsUK1PqZCUQM7GiA0IIXJSuXHI64Kbg=="
    },
    "columnify@1.6.0": {
      "integrity": "sha512-lomjuFZKfM6MSAnV9aCZC9sc0qGbmZdfygNv+nCpqVkSKdCxCklLtd16O0EILGkImHw9ZpHkAnHaB+8Zxq5W6Q==",
      "dependencies": [
        "strip-ansi",
        "wcwidth"
      ]
    },
    "defaults@1.0.4": {
      "integrity": "sha512-eFuaLoy/Rxalv2kr+lqMlUnrDWV+3j4pljOIJgLIhI058IQfWJ7vXhyEIHu+HtC738klGALYxOKDO0bQP3tg8A==",
      "dependencies": [
        "clone"
      ]
    },
    "diff@5.2.0": {
      "integrity": "sha512-uIFDxqpRZGZ6ThOk84hEfqWoHx2devRFvpTZcTHur85vImfaxUbTW9Ryh4CpCuDnToOP1CEtXKIgytHBPVff5A=="
    },
    "has-flag@4.0.0": {
      "integrity": "sha512-EykJT/Q1KjTWctppgIAgfSO0tKVuZUjhgMr17kqTumMl6Afv3EISleU7qZUzoXDFTAHTDC4NOoG/ZxU3EvlMPQ=="
    },
    "indent@0.0.2": {
      "integrity": "sha512-/F1w9/msSQCfXDTvEU8rKBObcv4cBN6m8hujC/zwVc8vOuf4b76AwBVGChbg+3o0M3kp1XDjoMDQR5Nh6SAHfA=="
    },
    "just-extend@6.2.0": {
      "integrity": "sha512-cYofQu2Xpom82S6qD778jBDpwvvy39s1l/hrYij2u9AMdQcGRpaBu6kY4mVhuno5kJVi1DAz4aiphA2WI1/OAw=="
    },
    "lodash.get@4.4.2": {
      "integrity": "sha512-z+Uw/vLuy6gQe8cfaFWD7p0wVv8fJl3mbzXh33RS+0oW2wvUqiRXiQ69gLWSLpgB5/6sU+r6BlQR0MBILadqTQ=="
    },
    "nise@5.1.9": {
      "integrity": "sha512-qOnoujW4SV6e40dYxJOb3uvuoPHtmLzIk4TFo+j0jPJoC+5Z9xja5qH5JZobEPsa8+YYphMrOSwnrshEhG2qww==",
      "dependencies": [
        "@sinonjs/commons@3.0.1",
        "@sinonjs/fake-timers@11.3.1",
        "@sinonjs/text-encoding",
        "just-extend",
        "path-to-regexp"
      ]
    },
    "path-to-regexp@6.3.0": {
      "integrity": "sha512-Yhpw4T9C6hPpgPeA28us07OJeqZ5EzQTkbfwuhsUg0c237RomFoETJgmp2sa3F/41gfLE6G5cqcYwznmeEeOlQ=="
    },
    "sinon@13.0.2": {
      "integrity": "sha512-KvOrztAVqzSJWMDoxM4vM+GPys1df2VBoXm+YciyB/OLMamfS3VXh3oGh5WtrAGSzrgczNWFFY22oKb7Fi5eeA==",
      "dependencies": [
        "@sinonjs/commons@1.8.6",
        "@sinonjs/fake-timers@9.1.2",
        "@sinonjs/samsam",
        "diff",
        "nise",
        "supports-color"
      ]
    },
    "strip-ansi@6.0.1": {
      "integrity": "sha512-Y38VPSHcqkFrCpFnQ9vuSXmquuv5oXOKpGeT6aGrr3o3Gc9AlVa6JBfUSOCnbxGGZF+/0ooI7KrPuUSztUdU5A==",
      "dependencies": [
        "ansi-regex"
      ]
    },
    "supports-color@7.2.0": {
      "integrity": "sha512-qpCAvRl9stuOHveKsn7HncJRvv501qIacKzQlO/+Lwxc9+0q2wLyv4Dfvt80/DPn2pqOBsJdDiogXGR9+OvwRw==",
      "dependencies": [
        "has-flag"
      ]
    },
    "type-detect@4.0.8": {
      "integrity": "sha512-0fr/mIH1dlO+x7TlcMy+bIDqKPsw/70tVyeHW787goQjhmqaZe10uwLujubK9q9Lg6Fiho1KUKDYz0Z7k7g5/g=="
    },
    "wcwidth@1.0.1": {
      "integrity": "sha512-XHPEwS0q6TaxcvG85+8EYkbiCux2XtWG2mkc47Ng2A77BQu9+DqIOJldST4HgPkuea7dvKSj5VgX3P1d4rW8Tg==",
      "dependencies": [
        "defaults"
      ]
    }
  },
  "redirects": {
    "https://deno.land/std/fs/exists.ts": "https://deno.land/std@0.224.0/fs/exists.ts",
    "https://deno.land/std/path/mod.ts": "https://deno.land/std@0.224.0/path/mod.ts",
    "https://deno.land/x/cliffy/command/mod.ts": "https://deno.land/x/cliffy@v1.0.0-rc.7/command/mod.ts"
  },
  "remote": {
    "https://deno.land/std@0.224.0/assert/assert.ts": "09d30564c09de846855b7b071e62b5974b001bb72a4b797958fe0660e7849834",
    "https://deno.land/std@0.224.0/assert/assertion_error.ts": "ba8752bd27ebc51f723702fac2f54d3e94447598f54264a6653d6413738a8917",
    "https://deno.land/std@0.224.0/fs/exists.ts": "3d38cb7dcbca3cf313be343a7b8af18a87bddb4b5ca1bd2314be12d06533b50f",
    "https://deno.land/std@0.224.0/path/_common/assert_path.ts": "dbdd757a465b690b2cc72fc5fb7698c51507dec6bfafce4ca500c46b76ff7bd8",
    "https://deno.land/std@0.224.0/path/_common/basename.ts": "569744855bc8445f3a56087fd2aed56bdad39da971a8d92b138c9913aecc5fa2",
    "https://deno.land/std@0.224.0/path/_common/common.ts": "ef73c2860694775fe8ffcbcdd387f9f97c7a656febf0daa8c73b56f4d8a7bd4c",
    "https://deno.land/std@0.224.0/path/_common/constants.ts": "dc5f8057159f4b48cd304eb3027e42f1148cf4df1fb4240774d3492b5d12ac0c",
    "https://deno.land/std@0.224.0/path/_common/dirname.ts": "684df4aa71a04bbcc346c692c8485594fc8a90b9408dfbc26ff32cf3e0c98cc8",
    "https://deno.land/std@0.224.0/path/_common/format.ts": "92500e91ea5de21c97f5fe91e178bae62af524b72d5fcd246d6d60ae4bcada8b",
    "https://deno.land/std@0.224.0/path/_common/from_file_url.ts": "d672bdeebc11bf80e99bf266f886c70963107bdd31134c4e249eef51133ceccf",
    "https://deno.land/std@0.224.0/path/_common/glob_to_reg_exp.ts": "6cac16d5c2dc23af7d66348a7ce430e5de4e70b0eede074bdbcf4903f4374d8d",
    "https://deno.land/std@0.224.0/path/_common/normalize.ts": "684df4aa71a04bbcc346c692c8485594fc8a90b9408dfbc26ff32cf3e0c98cc8",
    "https://deno.land/std@0.224.0/path/_common/normalize_string.ts": "33edef773c2a8e242761f731adeb2bd6d683e9c69e4e3d0092985bede74f4ac3",
    "https://deno.land/std@0.224.0/path/_common/relative.ts": "faa2753d9b32320ed4ada0733261e3357c186e5705678d9dd08b97527deae607",
    "https://deno.land/std@0.224.0/path/_common/strip_trailing_separators.ts": "7024a93447efcdcfeaa9339a98fa63ef9d53de363f1fbe9858970f1bba02655a",
    "https://deno.land/std@0.224.0/path/_common/to_file_url.ts": "7f76adbc83ece1bba173e6e98a27c647712cab773d3f8cbe0398b74afc817883",
    "https://deno.land/std@0.224.0/path/_interface.ts": "8dfeb930ca4a772c458a8c7bbe1e33216fe91c253411338ad80c5b6fa93ddba0",
    "https://deno.land/std@0.224.0/path/_os.ts": "8fb9b90fb6b753bd8c77cfd8a33c2ff6c5f5bc185f50de8ca4ac6a05710b2c15",
    "https://deno.land/std@0.224.0/path/basename.ts": "7ee495c2d1ee516ffff48fb9a93267ba928b5a3486b550be73071bc14f8cc63e",
    "https://deno.land/std@0.224.0/path/common.ts": "03e52e22882402c986fe97ca3b5bb4263c2aa811c515ce84584b23bac4cc2643",
    "https://deno.land/std@0.224.0/path/constants.ts": "0c206169ca104938ede9da48ac952de288f23343304a1c3cb6ec7625e7325f36",
    "https://deno.land/std@0.224.0/path/dirname.ts": "85bd955bf31d62c9aafdd7ff561c4b5fb587d11a9a5a45e2b01aedffa4238a7c",
    "https://deno.land/std@0.224.0/path/extname.ts": "593303db8ae8c865cbd9ceec6e55d4b9ac5410c1e276bfd3131916591b954441",
    "https://deno.land/std@0.224.0/path/format.ts": "6ce1779b0980296cf2bc20d66436b12792102b831fd281ab9eb08fa8a3e6f6ac",
    "https://deno.land/std@0.224.0/path/from_file_url.ts": "911833ae4fd10a1c84f6271f36151ab785955849117dc48c6e43b929504ee069",
    "https://deno.land/std@0.224.0/path/glob_to_regexp.ts": "7f30f0a21439cadfdae1be1bf370880b415e676097fda584a63ce319053b5972",
    "https://deno.land/std@0.224.0/path/is_absolute.ts": "4791afc8bfd0c87f0526eaa616b0d16e7b3ab6a65b62942e50eac68de4ef67d7",
    "https://deno.land/std@0.224.0/path/is_glob.ts": "a65f6195d3058c3050ab905705891b412ff942a292bcbaa1a807a74439a14141",
    "https://deno.land/std@0.224.0/path/join.ts": "ae2ec5ca44c7e84a235fd532e4a0116bfb1f2368b394db1c4fb75e3c0f26a33a",
    "https://deno.land/std@0.224.0/path/join_globs.ts": "5b3bf248b93247194f94fa6947b612ab9d3abd571ca8386cf7789038545e54a0",
    "https://deno.land/std@0.224.0/path/mod.ts": "f6bd79cb08be0e604201bc9de41ac9248582699d1b2ee0ab6bc9190d472cf9cd",
    "https://deno.land/std@0.224.0/path/normalize.ts": "4155743ccceeed319b350c1e62e931600272fad8ad00c417b91df093867a8352",
    "https://deno.land/std@0.224.0/path/normalize_glob.ts": "cc89a77a7d3b1d01053b9dcd59462b75482b11e9068ae6c754b5cf5d794b374f",
    "https://deno.land/std@0.224.0/path/parse.ts": "77ad91dcb235a66c6f504df83087ce2a5471e67d79c402014f6e847389108d5a",
    "https://deno.land/std@0.224.0/path/posix/_util.ts": "1e3937da30f080bfc99fe45d7ed23c47dd8585c5e473b2d771380d3a6937cf9d",
    "https://deno.land/std@0.224.0/path/posix/basename.ts": "d2fa5fbbb1c5a3ab8b9326458a8d4ceac77580961b3739cd5bfd1d3541a3e5f0",
    "https://deno.land/std@0.224.0/path/posix/common.ts": "26f60ccc8b2cac3e1613000c23ac5a7d392715d479e5be413473a37903a2b5d4",
    "https://deno.land/std@0.224.0/path/posix/constants.ts": "93481efb98cdffa4c719c22a0182b994e5a6aed3047e1962f6c2c75b7592bef1",
    "https://deno.land/std@0.224.0/path/posix/dirname.ts": "76cd348ffe92345711409f88d4d8561d8645353ac215c8e9c80140069bf42f00",
    "https://deno.land/std@0.224.0/path/posix/extname.ts": "e398c1d9d1908d3756a7ed94199fcd169e79466dd88feffd2f47ce0abf9d61d2",
    "https://deno.land/std@0.224.0/path/posix/format.ts": "185e9ee2091a42dd39e2a3b8e4925370ee8407572cee1ae52838aed96310c5c1",
    "https://deno.land/std@0.224.0/path/posix/from_file_url.ts": "951aee3a2c46fd0ed488899d024c6352b59154c70552e90885ed0c2ab699bc40",
    "https://deno.land/std@0.224.0/path/posix/glob_to_regexp.ts": "76f012fcdb22c04b633f536c0b9644d100861bea36e9da56a94b9c589a742e8f",
    "https://deno.land/std@0.224.0/path/posix/is_absolute.ts": "cebe561ad0ae294f0ce0365a1879dcfca8abd872821519b4fcc8d8967f888ede",
    "https://deno.land/std@0.224.0/path/posix/is_glob.ts": "8a8b08c08bf731acf2c1232218f1f45a11131bc01de81e5f803450a5914434b9",
    "https://deno.land/std@0.224.0/path/posix/join.ts": "7fc2cb3716aa1b863e990baf30b101d768db479e70b7313b4866a088db016f63",
    "https://deno.land/std@0.224.0/path/posix/join_globs.ts": "a9475b44645feddceb484ee0498e456f4add112e181cb94042cdc6d47d1cdd25",
    "https://deno.land/std@0.224.0/path/posix/mod.ts": "2301fc1c54a28b349e20656f68a85f75befa0ee9b6cd75bfac3da5aca9c3f604",
    "https://deno.land/std@0.224.0/path/posix/normalize.ts": "baeb49816a8299f90a0237d214cef46f00ba3e95c0d2ceb74205a6a584b58a91",
    "https://deno.land/std@0.224.0/path/posix/normalize_glob.ts": "9c87a829b6c0f445d03b3ecadc14492e2864c3ebb966f4cea41e98326e4435c6",
    "https://deno.land/std@0.224.0/path/posix/parse.ts": "09dfad0cae530f93627202f28c1befa78ea6e751f92f478ca2cc3b56be2cbb6a",
    "https://deno.land/std@0.224.0/path/posix/relative.ts": "3907d6eda41f0ff723d336125a1ad4349112cd4d48f693859980314d5b9da31c",
    "https://deno.land/std@0.224.0/path/posix/resolve.ts": "08b699cfeee10cb6857ccab38fa4b2ec703b0ea33e8e69964f29d02a2d5257cf",
    "https://deno.land/std@0.224.0/path/posix/to_file_url.ts": "7aa752ba66a35049e0e4a4be5a0a31ac6b645257d2e031142abb1854de250aaf",
    "https://deno.land/std@0.224.0/path/posix/to_namespaced_path.ts": "28b216b3c76f892a4dca9734ff1cc0045d135532bfd9c435ae4858bfa5a2ebf0",
    "https://deno.land/std@0.224.0/path/relative.ts": "ab739d727180ed8727e34ed71d976912461d98e2b76de3d3de834c1066667add",
    "https://deno.land/std@0.224.0/path/resolve.ts": "a6f977bdb4272e79d8d0ed4333e3d71367cc3926acf15ac271f1d059c8494d8d",
    "https://deno.land/std@0.224.0/path/to_file_url.ts": "88f049b769bce411e2d2db5bd9e6fd9a185a5fbd6b9f5ad8f52bef517c4ece1b",
    "https://deno.land/std@0.224.0/path/to_namespaced_path.ts": "b706a4103b104cfadc09600a5f838c2ba94dbcdb642344557122dda444526e40",
    "https://deno.land/std@0.224.0/path/windows/_util.ts": "d5f47363e5293fced22c984550d5e70e98e266cc3f31769e1710511803d04808",
    "https://deno.land/std@0.224.0/path/windows/basename.ts": "6bbc57bac9df2cec43288c8c5334919418d784243a00bc10de67d392ab36d660",
    "https://deno.land/std@0.224.0/path/windows/common.ts": "26f60ccc8b2cac3e1613000c23ac5a7d392715d479e5be413473a37903a2b5d4",
    "https://deno.land/std@0.224.0/path/windows/constants.ts": "5afaac0a1f67b68b0a380a4ef391bf59feb55856aa8c60dfc01bd3b6abb813f5",
    "https://deno.land/std@0.224.0/path/windows/dirname.ts": "33e421be5a5558a1346a48e74c330b8e560be7424ed7684ea03c12c21b627bc9",
    "https://deno.land/std@0.224.0/path/windows/extname.ts": "165a61b00d781257fda1e9606a48c78b06815385e7d703232548dbfc95346bef",
    "https://deno.land/std@0.224.0/path/windows/format.ts": "bbb5ecf379305b472b1082cd2fdc010e44a0020030414974d6029be9ad52aeb6",
    "https://deno.land/std@0.224.0/path/windows/from_file_url.ts": "ced2d587b6dff18f963f269d745c4a599cf82b0c4007356bd957cb4cb52efc01",
    "https://deno.land/std@0.224.0/path/windows/glob_to_regexp.ts": "e45f1f89bf3fc36f94ab7b3b9d0026729829fabc486c77f414caebef3b7304f8",
    "https://deno.land/std@0.224.0/path/windows/is_absolute.ts": "4a8f6853f8598cf91a835f41abed42112cebab09478b072e4beb00ec81f8ca8a",
    "https://deno.land/std@0.224.0/path/windows/is_glob.ts": "8a8b08c08bf731acf2c1232218f1f45a11131bc01de81e5f803450a5914434b9",
    "https://deno.land/std@0.224.0/path/windows/join.ts": "8d03530ab89195185103b7da9dfc6327af13eabdcd44c7c63e42e27808f50ecf",
    "https://deno.land/std@0.224.0/path/windows/join_globs.ts": "a9475b44645feddceb484ee0498e456f4add112e181cb94042cdc6d47d1cdd25",
    "https://deno.land/std@0.224.0/path/windows/mod.ts": "2301fc1c54a28b349e20656f68a85f75befa0ee9b6cd75bfac3da5aca9c3f604",
    "https://deno.land/std@0.224.0/path/windows/normalize.ts": "78126170ab917f0ca355a9af9e65ad6bfa5be14d574c5fb09bb1920f52577780",
    "https://deno.land/std@0.224.0/path/windows/normalize_glob.ts": "9c87a829b6c0f445d03b3ecadc14492e2864c3ebb966f4cea41e98326e4435c6",
    "https://deno.land/std@0.224.0/path/windows/parse.ts": "08804327b0484d18ab4d6781742bf374976de662f8642e62a67e93346e759707",
    "https://deno.land/std@0.224.0/path/windows/relative.ts": "3e1abc7977ee6cc0db2730d1f9cb38be87b0ce4806759d271a70e4997fc638d7",
    "https://deno.land/std@0.224.0/path/windows/resolve.ts": "8dae1dadfed9d46ff46cc337c9525c0c7d959fb400a6308f34595c45bdca1972",
    "https://deno.land/std@0.224.0/path/windows/to_file_url.ts": "40e560ee4854fe5a3d4d12976cef2f4e8914125c81b11f1108e127934ced502e",
    "https://deno.land/std@0.224.0/path/windows/to_namespaced_path.ts": "4ffa4fb6fae321448d5fe810b3ca741d84df4d7897e61ee29be961a6aac89a4c",
    "https://deno.land/x/cliffy@v1.0.0-rc.7/command/_argument_types.ts": "e81eec722df71652a69f597f0e46b5bb32779edd5ea1df18a00a4507eaeac3d3",
    "https://deno.land/x/cliffy@v1.0.0-rc.7/command/_errors.ts": "c76c4ee917b273a3d54e141eb02aa87cb6869857229195216d0b3cdeb7c183e5",
    "https://deno.land/x/cliffy@v1.0.0-rc.7/command/_spread.ts": "0cc6eb70a6df97b5d7d26008822d39f3e8a1232ee0a27f395aa19e68de738245",
    "https://deno.land/x/cliffy@v1.0.0-rc.7/command/_type_utils.ts": "820004a59bc858e355b11f80e5b3ff1be2c87e66f31f53f253610170795602f0",
    "https://deno.land/x/cliffy@v1.0.0-rc.7/command/_utils.ts": "c70d6510ec06a79b718b61bb2146d74acab35bc1ddcba88183da166e1d25093a",
    "https://deno.land/x/cliffy@v1.0.0-rc.7/command/command.ts": "8c083ac181871cbf4ef45fe081af912da035efe77bb4a0f032196b2235b2a5a0",
    "https://deno.land/x/cliffy@v1.0.0-rc.7/command/deprecated.ts": "bbe6670f1d645b773d04b725b8b8e7814c862c9f1afba460c4d599ffe9d4983c",
    "https://deno.land/x/cliffy@v1.0.0-rc.7/command/help/_help_generator.ts": "a6fb9416d6397b21ad70bc136a67eadbd630710c0076a19b0e0ea43da909f8d7",
    "https://deno.land/x/cliffy@v1.0.0-rc.7/command/mod.ts": "b2d06cf8c807a44895d4b99d2f613806d069a15aa5b1848c840f13c3697c8e35",
    "https://deno.land/x/cliffy@v1.0.0-rc.7/command/type.ts": "a2d76e2f6b851ba59a45926931cf55d4e2567c84d789be86ba1e82f1afac6d0d",
    "https://deno.land/x/cliffy@v1.0.0-rc.7/command/types.ts": "44ed0b1cfb3283732c2797138a8622e86d2d3e055fd3cec81fa8bb60ef5cfd6f",
    "https://deno.land/x/cliffy@v1.0.0-rc.7/command/types/action_list.ts": "b3870e035b6601ddbce5585d8ed00bf9bac255cb03716b978896ca8f10c68b5c",
    "https://deno.land/x/cliffy@v1.0.0-rc.7/command/types/boolean.ts": "755afb815283240653d6c4e920d9d174bef91ca0fb4c1c927917bbd16ccbb08f",
    "https://deno.land/x/cliffy@v1.0.0-rc.7/command/types/child_command.ts": "1bf121a2954a9596eb1bd273b91b89c60198cda101d5c318a6412b9bbaedb72f",
    "https://deno.land/x/cliffy@v1.0.0-rc.7/command/types/command.ts": "d34b4946054e7c529513f8550e8f885a85bb9d4f5066eab7c0c2b93226a1be05",
    "https://deno.land/x/cliffy@v1.0.0-rc.7/command/types/enum.ts": "eda7a00c351f1f1f3cb8dbf60a29128417a1242aff9d9034f3905d365812ae8a",
    "https://deno.land/x/cliffy@v1.0.0-rc.7/command/types/file.ts": "8618f16ac9015c8589cbd946b3de1988cc4899b90ea251f3325c93c46745140e",
    "https://deno.land/x/cliffy@v1.0.0-rc.7/command/types/integer.ts": "bc0f4e651ad7eaec2583c05a7a1f71af1e043cf1b2e48d3deffd30c637ce9702",
    "https://deno.land/x/cliffy@v1.0.0-rc.7/command/types/number.ts": "46940ef608b15a6012b5ca61d62692099d6f81b6fb19dc18b14f85ca57bd5161",
    "https://deno.land/x/cliffy@v1.0.0-rc.7/command/types/string.ts": "2bee84ce4824c41ca3042ee7612b2c2f4f9060e7049c5395aa2a751edd7938bb",
    "https://deno.land/x/cliffy@v1.0.0-rc.7/command/upgrade/_check_version.ts": "4dec672b55c04fb9e0ae31ce8f6780bf9f51417692a7a775e9435bce1a29c7ea",
    "https://deno.land/x/cliffy@v1.0.0-rc.7/flags/_errors.ts": "f1fbb6bfa009e7950508c9d491cfb4a5551027d9f453389606adb3f2327d048f",
    "https://deno.land/x/cliffy@v1.0.0-rc.7/flags/_utils.ts": "40aad1fc9e1271eafd66fa95d2287ff81e01b177412da33e2fe18dbc4c34eb7e",
    "https://deno.land/x/cliffy@v1.0.0-rc.7/flags/_validate_flags.ts": "3a509f76df56bc324df7eaf1dab882ce7d5b94e7a315aa5312b8c419862f60ad",
    "https://deno.land/x/cliffy@v1.0.0-rc.7/flags/deprecated.ts": "a72a35de3cc7314e5ebea605ca23d08385b218ef171c32a3f135fb4318b08126",
    "https://deno.land/x/cliffy@v1.0.0-rc.7/flags/flags.ts": "3e62c4a9756b5705aada29e7e94847001356b3a83cd18ad56f4207387a71cf51",
    "https://deno.land/x/cliffy@v1.0.0-rc.7/flags/mod.ts": "a4bd6d3d2cdd01d2ed74da519fdadc755d8b26c4b95c3954b3f9e137e089616c",
    "https://deno.land/x/cliffy@v1.0.0-rc.7/flags/types.ts": "9e2f75edff2217d972fc711a21676a59dfd88378da2f1ace440ea84c07db1dcc",
    "https://deno.land/x/cliffy@v1.0.0-rc.7/flags/types/boolean.ts": "4c026dd66ec9c5436860dc6d0241427bdb8d8e07337ad71b33c08193428a2236",
    "https://deno.land/x/cliffy@v1.0.0-rc.7/flags/types/integer.ts": "b60d4d590f309ddddf066782d43e4dc3799f0e7d08e5ede7dc62a5ee94b9a6d9",
    "https://deno.land/x/cliffy@v1.0.0-rc.7/flags/types/number.ts": "610936e2d29de7c8c304b65489a75ebae17b005c6122c24e791fbed12444d51e",
    "https://deno.land/x/cliffy@v1.0.0-rc.7/flags/types/string.ts": "e89b6a5ce322f65a894edecdc48b44956ec246a1d881f03e97bbda90dd8638c5",
    "https://deno.land/x/cliffy@v1.0.0-rc.7/internal/runtime/exit.ts": "2d8f257e9f553b49b4660821868dd4261837c9a02923804350a636ed53e6c173",
    "https://deno.land/x/cliffy@v1.0.0-rc.7/internal/runtime/get_args.ts": "86df5fd1b8a6d597ab89e7ba0f527c1abb4a2107054fa8d7aa96805f2b07c38c",
    "https://deno.land/x/cliffy@v1.0.0-rc.7/internal/runtime/get_env.ts": "bf2452c9d20382818317d3aef3c5d214215cf40d5f9e9b4e285e568d6b9c3877",
    "https://deno.land/x/cliffy@v1.0.0-rc.7/internal/runtime/inspect.ts": "5cd7f476cfffaac4f9e8cabe0f5017e62eadb5ff32adb58513dfa3d218d323ea",
    "https://deno.land/x/cliffy@v1.0.0-rc.7/table/_layout.ts": "4abee3d0f6412b1547b49e2b299a4a1ac211ef4c5d66c85758f0b23905d56ea8",
    "https://deno.land/x/cliffy@v1.0.0-rc.7/table/_utils.ts": "d39f021fbe056a9f7d5f91580a06a15f8e31aeb4729d458dd8e1e56eabfbcbf0",
    "https://deno.land/x/cliffy@v1.0.0-rc.7/table/border.ts": "5c6e9ef5078c6930169aacb668b274bdbb498461c724a7693ac9270fe9d3f5d5",
    "https://deno.land/x/cliffy@v1.0.0-rc.7/table/cell.ts": "872df2b193390a8dcf150ee9829557cc28264f34c63b8757cfdd5ff917321647",
    "https://deno.land/x/cliffy@v1.0.0-rc.7/table/column.ts": "3c53bc6f3aae619a15653c5ab8efb84c2155e2a47bbc0c08f82363bb02efa9fc",
    "https://deno.land/x/cliffy@v1.0.0-rc.7/table/consume_words.ts": "369d065dbf7f15c664ea8523e0ef750fb952aea6d88e146c375e64aec9503052",
    "https://deno.land/x/cliffy@v1.0.0-rc.7/table/mod.ts": "40f148428acbfffa270f7077c403b3893797d9e454a74ccb41a8434367351326",
    "https://deno.land/x/cliffy@v1.0.0-rc.7/table/row.ts": "8f5bc1829e470f0e491c5732d84cf5e19e73ba74484c01ca7170725426ee9228",
    "https://deno.land/x/cliffy@v1.0.0-rc.7/table/table.ts": "79c8c4321a0376d21b04d9e3c432a669a9034cc05ac59fd1d948f07587e7cb87",
    "https://deno.land/x/cliffy@v1.0.0-rc.7/table/unicode_width.ts": "7dc4edd3c12d0323a0719411903dbde1a9a263693540ac21d575ca7be8cc3cff"
  },
  "workspace": {
    "dependencies": [
      "jsr:@c4spar/mock-command@^1.0.1",
      "jsr:@c4spar/mock-fetch@1",
      "jsr:@cliffy/ansi@1.0.0-rc.7",
      "jsr:@cliffy/command@1.0.0-rc.7",
      "jsr:@cliffy/flags@1.0.0-rc.7",
      "jsr:@cliffy/internal@1.0.0-rc.7",
      "jsr:@cliffy/keycode@1.0.0-rc.7",
      "jsr:@cliffy/keypress@1.0.0-rc.7",
      "jsr:@cliffy/prompt@1.0.0-rc.7",
      "jsr:@cliffy/table@1.0.0-rc.7",
      "jsr:@cliffy/testing@1.0.0-rc.7",
      "jsr:@std/assert@~1.0.6",
      "jsr:@std/async@~1.0.5",
      "jsr:@std/cli@^1.0.6",
      "jsr:@std/datetime@~0.225.2",
      "jsr:@std/encoding@~1.0.5",
      "jsr:@std/flags@~1.0.7",
      "jsr:@std/fmt@~1.0.2",
      "jsr:@std/fs@~1.0.4",
      "jsr:@std/http@~1.0.7",
      "jsr:@std/io@~0.224.9",
      "jsr:@std/path@~1.0.6",
      "jsr:@std/testing@1.0.0",
      "jsr:@std/text@~1.0.7",
      "npm:sinon@13.0.2"
    ]
  }
}
